// !$*UTF8*$!
{
	archiveVersion = 1;
	classes = {
	};
	objectVersion = 55;
	objects = {

/* Begin PBXBuildFile section */
		BF23D9B22976339D00DE0942 /* MainViewController.swift in Sources */ = {isa = PBXBuildFile; fileRef = BF23D9B12976339D00DE0942 /* MainViewController.swift */; };
		BF23D9B62976341300DE0942 /* FriendListViewController.swift in Sources */ = {isa = PBXBuildFile; fileRef = BF23D9B52976341300DE0942 /* FriendListViewController.swift */; };
		BF23D9B82976341F00DE0942 /* FriendSearchViewController.swift in Sources */ = {isa = PBXBuildFile; fileRef = BF23D9B72976341F00DE0942 /* FriendSearchViewController.swift */; };
		BF23D9BA29763B0C00DE0942 /* FriendListViewModel.swift in Sources */ = {isa = PBXBuildFile; fileRef = BF23D9B929763B0C00DE0942 /* FriendListViewModel.swift */; };
		BF3D9AF1298E26C20061770E /* ChatRepository.swift in Sources */ = {isa = PBXBuildFile; fileRef = BF3D9AF0298E26C20061770E /* ChatRepository.swift */; };
		BF3D9AF3298E271F0061770E /* ChatNetwork.swift in Sources */ = {isa = PBXBuildFile; fileRef = BF3D9AF2298E271F0061770E /* ChatNetwork.swift */; };
		BF3D9AF5298E2CB00061770E /* Date.swift in Sources */ = {isa = PBXBuildFile; fileRef = BF3D9AF4298E2CB00061770E /* Date.swift */; };
		BF4760D9298A545C005E4F4A /* ChatRoomViewController.swift in Sources */ = {isa = PBXBuildFile; fileRef = BF4760D8298A545C005E4F4A /* ChatRoomViewController.swift */; };
		BF4760DB298A5465005E4F4A /* ChatRoomViewModel.swift in Sources */ = {isa = PBXBuildFile; fileRef = BF4760DA298A5465005E4F4A /* ChatRoomViewModel.swift */; };
		BF548412298B39C400055487 /* Message.swift in Sources */ = {isa = PBXBuildFile; fileRef = BF548411298B39C400055487 /* Message.swift */; };
		BF548415298B3A3A00055487 /* BubbleViewModel.swift in Sources */ = {isa = PBXBuildFile; fileRef = BF548414298B3A3A00055487 /* BubbleViewModel.swift */; };
		BF548417298B3A4F00055487 /* BubbleCell.swift in Sources */ = {isa = PBXBuildFile; fileRef = BF548416298B3A4F00055487 /* BubbleCell.swift */; };
		BF548419298B3AFB00055487 /* Constant.swift in Sources */ = {isa = PBXBuildFile; fileRef = BF548418298B3AFB00055487 /* Constant.swift */; };
		BF5EF0A8296CF20B00889649 /* AppDelegate.swift in Sources */ = {isa = PBXBuildFile; fileRef = BF5EF0A7296CF20B00889649 /* AppDelegate.swift */; };
		BF5EF0AA296CF20B00889649 /* SceneDelegate.swift in Sources */ = {isa = PBXBuildFile; fileRef = BF5EF0A9296CF20B00889649 /* SceneDelegate.swift */; };
		BF5EF0B1296CF20C00889649 /* Assets.xcassets in Resources */ = {isa = PBXBuildFile; fileRef = BF5EF0B0296CF20C00889649 /* Assets.xcassets */; };
		BF5EF0B4296CF20C00889649 /* LaunchScreen.storyboard in Resources */ = {isa = PBXBuildFile; fileRef = BF5EF0B2296CF20C00889649 /* LaunchScreen.storyboard */; };
		BF5EF0C0296CF45400889649 /* LoginViewController.swift in Sources */ = {isa = PBXBuildFile; fileRef = BF5EF0BF296CF45400889649 /* LoginViewController.swift */; };
		BF5EF0C2296CF57000889649 /* LoginViewModel.swift in Sources */ = {isa = PBXBuildFile; fileRef = BF5EF0C1296CF57000889649 /* LoginViewModel.swift */; };
		BF5EF0C5296CF68B00889649 /* TextField.swift in Sources */ = {isa = PBXBuildFile; fileRef = BF5EF0C4296CF68B00889649 /* TextField.swift */; };
		BF5EF0C8296D058200889649 /* SignInViewModel.swift in Sources */ = {isa = PBXBuildFile; fileRef = BF5EF0C7296D058200889649 /* SignInViewModel.swift */; };
		BF5EF0CA296D059600889649 /* SignInViewController.swift in Sources */ = {isa = PBXBuildFile; fileRef = BF5EF0C9296D059600889649 /* SignInViewController.swift */; };
		BF8672A8297776760040EB48 /* FriendSearchViewModel.swift in Sources */ = {isa = PBXBuildFile; fileRef = BF8672A7297776760040EB48 /* FriendSearchViewModel.swift */; };
		BF8672AC29777C930040EB48 /* FriendRepository.swift in Sources */ = {isa = PBXBuildFile; fileRef = BF8672AB29777C930040EB48 /* FriendRepository.swift */; };
		BF8672AE29777D2B0040EB48 /* FriendNetwork.swift in Sources */ = {isa = PBXBuildFile; fileRef = BF8672AD29777D2B0040EB48 /* FriendNetwork.swift */; };
		BF8672B029778E0E0040EB48 /* User.swift in Sources */ = {isa = PBXBuildFile; fileRef = BF8672AF29778E0E0040EB48 /* User.swift */; };
		BF8986D72990D647007133ED /* SettingViewModel.swift in Sources */ = {isa = PBXBuildFile; fileRef = BF8986D62990D647007133ED /* SettingViewModel.swift */; };
		BF8986D92990D68F007133ED /* SettingViewController.swift in Sources */ = {isa = PBXBuildFile; fileRef = BF8986D82990D68F007133ED /* SettingViewController.swift */; };
		BF97D7FA2970FF9700067222 /* UserRepository.swift in Sources */ = {isa = PBXBuildFile; fileRef = BF97D7F92970FF9700067222 /* UserRepository.swift */; };
		BF97D7FC2970FFF500067222 /* UserNetwork.swift in Sources */ = {isa = PBXBuildFile; fileRef = BF97D7FB2970FFF500067222 /* UserNetwork.swift */; };
		BFE5101B296D1341006CD786 /* GoogleService-Info.plist in Resources */ = {isa = PBXBuildFile; fileRef = BFE5101A296D1341006CD786 /* GoogleService-Info.plist */; };
		BFE5101E296D1569006CD786 /* UiView.swift in Sources */ = {isa = PBXBuildFile; fileRef = BFE5101D296D1569006CD786 /* UiView.swift */; };
		BFE51021296D2173006CD786 /* RequestResult.swift in Sources */ = {isa = PBXBuildFile; fileRef = BFE51020296D2173006CD786 /* RequestResult.swift */; };
		BFE51024296D2270006CD786 /* AccountRepository.swift in Sources */ = {isa = PBXBuildFile; fileRef = BFE51023296D2270006CD786 /* AccountRepository.swift */; };
		BFE51027296D2590006CD786 /* AccountNetwork.swift in Sources */ = {isa = PBXBuildFile; fileRef = BFE51026296D2590006CD786 /* AccountNetwork.swift */; };
		C487797E211166A44FDFC037 /* Pods_SimpleChat.framework in Frameworks */ = {isa = PBXBuildFile; fileRef = 9A54CEDC36E312BB29837AAD /* Pods_SimpleChat.framework */; };
/* End PBXBuildFile section */

/* Begin PBXFileReference section */
		5ACB215A547709F15AAB11CF /* Pods-SimpleChat.release.xcconfig */ = {isa = PBXFileReference; includeInIndex = 1; lastKnownFileType = text.xcconfig; name = "Pods-SimpleChat.release.xcconfig"; path = "Target Support Files/Pods-SimpleChat/Pods-SimpleChat.release.xcconfig"; sourceTree = "<group>"; };
		9A54CEDC36E312BB29837AAD /* Pods_SimpleChat.framework */ = {isa = PBXFileReference; explicitFileType = wrapper.framework; includeInIndex = 0; path = Pods_SimpleChat.framework; sourceTree = BUILT_PRODUCTS_DIR; };
		BF23D9B12976339D00DE0942 /* MainViewController.swift */ = {isa = PBXFileReference; lastKnownFileType = sourcecode.swift; path = MainViewController.swift; sourceTree = "<group>"; };
		BF23D9B52976341300DE0942 /* FriendListViewController.swift */ = {isa = PBXFileReference; lastKnownFileType = sourcecode.swift; path = FriendListViewController.swift; sourceTree = "<group>"; };
		BF23D9B72976341F00DE0942 /* FriendSearchViewController.swift */ = {isa = PBXFileReference; lastKnownFileType = sourcecode.swift; path = FriendSearchViewController.swift; sourceTree = "<group>"; };
		BF23D9B929763B0C00DE0942 /* FriendListViewModel.swift */ = {isa = PBXFileReference; lastKnownFileType = sourcecode.swift; path = FriendListViewModel.swift; sourceTree = "<group>"; };
		BF3D9AF0298E26C20061770E /* ChatRepository.swift */ = {isa = PBXFileReference; lastKnownFileType = sourcecode.swift; path = ChatRepository.swift; sourceTree = "<group>"; };
		BF3D9AF2298E271F0061770E /* ChatNetwork.swift */ = {isa = PBXFileReference; lastKnownFileType = sourcecode.swift; path = ChatNetwork.swift; sourceTree = "<group>"; };
		BF3D9AF4298E2CB00061770E /* Date.swift */ = {isa = PBXFileReference; lastKnownFileType = sourcecode.swift; path = Date.swift; sourceTree = "<group>"; };
		BF4760D8298A545C005E4F4A /* ChatRoomViewController.swift */ = {isa = PBXFileReference; lastKnownFileType = sourcecode.swift; path = ChatRoomViewController.swift; sourceTree = "<group>"; };
		BF4760DA298A5465005E4F4A /* ChatRoomViewModel.swift */ = {isa = PBXFileReference; lastKnownFileType = sourcecode.swift; path = ChatRoomViewModel.swift; sourceTree = "<group>"; };
		BF548411298B39C400055487 /* Message.swift */ = {isa = PBXFileReference; lastKnownFileType = sourcecode.swift; path = Message.swift; sourceTree = "<group>"; };
		BF548414298B3A3A00055487 /* BubbleViewModel.swift */ = {isa = PBXFileReference; lastKnownFileType = sourcecode.swift; path = BubbleViewModel.swift; sourceTree = "<group>"; };
		BF548416298B3A4F00055487 /* BubbleCell.swift */ = {isa = PBXFileReference; lastKnownFileType = sourcecode.swift; path = BubbleCell.swift; sourceTree = "<group>"; };
		BF548418298B3AFB00055487 /* Constant.swift */ = {isa = PBXFileReference; lastKnownFileType = sourcecode.swift; path = Constant.swift; sourceTree = "<group>"; };
		BF5EF0A4296CF20B00889649 /* SimpleChat.app */ = {isa = PBXFileReference; explicitFileType = wrapper.application; includeInIndex = 0; path = SimpleChat.app; sourceTree = BUILT_PRODUCTS_DIR; };
		BF5EF0A7296CF20B00889649 /* AppDelegate.swift */ = {isa = PBXFileReference; lastKnownFileType = sourcecode.swift; path = AppDelegate.swift; sourceTree = "<group>"; };
		BF5EF0A9296CF20B00889649 /* SceneDelegate.swift */ = {isa = PBXFileReference; lastKnownFileType = sourcecode.swift; path = SceneDelegate.swift; sourceTree = "<group>"; };
		BF5EF0B0296CF20C00889649 /* Assets.xcassets */ = {isa = PBXFileReference; lastKnownFileType = folder.assetcatalog; path = Assets.xcassets; sourceTree = "<group>"; };
		BF5EF0B3296CF20C00889649 /* Base */ = {isa = PBXFileReference; lastKnownFileType = file.storyboard; name = Base; path = Base.lproj/LaunchScreen.storyboard; sourceTree = "<group>"; };
		BF5EF0B5296CF20C00889649 /* Info.plist */ = {isa = PBXFileReference; lastKnownFileType = text.plist.xml; path = Info.plist; sourceTree = "<group>"; };
		BF5EF0BF296CF45400889649 /* LoginViewController.swift */ = {isa = PBXFileReference; lastKnownFileType = sourcecode.swift; path = LoginViewController.swift; sourceTree = "<group>"; };
		BF5EF0C1296CF57000889649 /* LoginViewModel.swift */ = {isa = PBXFileReference; lastKnownFileType = sourcecode.swift; path = LoginViewModel.swift; sourceTree = "<group>"; };
		BF5EF0C4296CF68B00889649 /* TextField.swift */ = {isa = PBXFileReference; lastKnownFileType = sourcecode.swift; path = TextField.swift; sourceTree = "<group>"; };
		BF5EF0C7296D058200889649 /* SignInViewModel.swift */ = {isa = PBXFileReference; lastKnownFileType = sourcecode.swift; path = SignInViewModel.swift; sourceTree = "<group>"; };
		BF5EF0C9296D059600889649 /* SignInViewController.swift */ = {isa = PBXFileReference; lastKnownFileType = sourcecode.swift; path = SignInViewController.swift; sourceTree = "<group>"; };
		BF851BA229A097B900260547 /* SimpleChat.entitlements */ = {isa = PBXFileReference; lastKnownFileType = text.plist.entitlements; path = SimpleChat.entitlements; sourceTree = "<group>"; };
		BF8672A7297776760040EB48 /* FriendSearchViewModel.swift */ = {isa = PBXFileReference; lastKnownFileType = sourcecode.swift; path = FriendSearchViewModel.swift; sourceTree = "<group>"; };
		BF8672AB29777C930040EB48 /* FriendRepository.swift */ = {isa = PBXFileReference; lastKnownFileType = sourcecode.swift; path = FriendRepository.swift; sourceTree = "<group>"; };
		BF8672AD29777D2B0040EB48 /* FriendNetwork.swift */ = {isa = PBXFileReference; lastKnownFileType = sourcecode.swift; path = FriendNetwork.swift; sourceTree = "<group>"; };
		BF8672AF29778E0E0040EB48 /* User.swift */ = {isa = PBXFileReference; lastKnownFileType = sourcecode.swift; path = User.swift; sourceTree = "<group>"; };
		BF8986D62990D647007133ED /* SettingViewModel.swift */ = {isa = PBXFileReference; lastKnownFileType = sourcecode.swift; path = SettingViewModel.swift; sourceTree = "<group>"; };
		BF8986D82990D68F007133ED /* SettingViewController.swift */ = {isa = PBXFileReference; lastKnownFileType = sourcecode.swift; path = SettingViewController.swift; sourceTree = "<group>"; };
		BF97D7F92970FF9700067222 /* UserRepository.swift */ = {isa = PBXFileReference; lastKnownFileType = sourcecode.swift; path = UserRepository.swift; sourceTree = "<group>"; };
		BF97D7FB2970FFF500067222 /* UserNetwork.swift */ = {isa = PBXFileReference; lastKnownFileType = sourcecode.swift; path = UserNetwork.swift; sourceTree = "<group>"; };
		BFE5101A296D1341006CD786 /* GoogleService-Info.plist */ = {isa = PBXFileReference; fileEncoding = 4; lastKnownFileType = text.plist.xml; name = "GoogleService-Info.plist"; path = "../../../../../Downloads/GoogleService-Info.plist"; sourceTree = "<group>"; };
		BFE5101D296D1569006CD786 /* UiView.swift */ = {isa = PBXFileReference; lastKnownFileType = sourcecode.swift; path = UiView.swift; sourceTree = "<group>"; };
		BFE51020296D2173006CD786 /* RequestResult.swift */ = {isa = PBXFileReference; lastKnownFileType = sourcecode.swift; path = RequestResult.swift; sourceTree = "<group>"; };
		BFE51023296D2270006CD786 /* AccountRepository.swift */ = {isa = PBXFileReference; lastKnownFileType = sourcecode.swift; path = AccountRepository.swift; sourceTree = "<group>"; };
		BFE51026296D2590006CD786 /* AccountNetwork.swift */ = {isa = PBXFileReference; lastKnownFileType = sourcecode.swift; path = AccountNetwork.swift; sourceTree = "<group>"; };
		FEB501C5F324756389C27502 /* Pods-SimpleChat.debug.xcconfig */ = {isa = PBXFileReference; includeInIndex = 1; lastKnownFileType = text.xcconfig; name = "Pods-SimpleChat.debug.xcconfig"; path = "Target Support Files/Pods-SimpleChat/Pods-SimpleChat.debug.xcconfig"; sourceTree = "<group>"; };
/* End PBXFileReference section */

/* Begin PBXFrameworksBuildPhase section */
		BF5EF0A1296CF20B00889649 /* Frameworks */ = {
			isa = PBXFrameworksBuildPhase;
			buildActionMask = 2147483647;
			files = (
				C487797E211166A44FDFC037 /* Pods_SimpleChat.framework in Frameworks */,
			);
			runOnlyForDeploymentPostprocessing = 0;
		};
/* End PBXFrameworksBuildPhase section */

/* Begin PBXGroup section */
		1A989E9DC9127ACBEFD0FBC9 /* Pods */ = {
			isa = PBXGroup;
			children = (
				FEB501C5F324756389C27502 /* Pods-SimpleChat.debug.xcconfig */,
				5ACB215A547709F15AAB11CF /* Pods-SimpleChat.release.xcconfig */,
			);
			path = Pods;
			sourceTree = "<group>";
		};
		BF23D9AE2976330F00DE0942 /* Main */ = {
			isa = PBXGroup;
			children = (
				BF23D9B3297633ED00DE0942 /* FriendList */,
				BF23D9B4297633FE00DE0942 /* FriendSearch */,
				BF23D9B12976339D00DE0942 /* MainViewController.swift */,
			);
			path = Main;
			sourceTree = "<group>";
		};
		BF23D9B3297633ED00DE0942 /* FriendList */ = {
			isa = PBXGroup;
			children = (
				BF23D9B52976341300DE0942 /* FriendListViewController.swift */,
				BF23D9B929763B0C00DE0942 /* FriendListViewModel.swift */,
			);
			path = FriendList;
			sourceTree = "<group>";
		};
		BF23D9B4297633FE00DE0942 /* FriendSearch */ = {
			isa = PBXGroup;
			children = (
				BF23D9B72976341F00DE0942 /* FriendSearchViewController.swift */,
				BF8672A7297776760040EB48 /* FriendSearchViewModel.swift */,
			);
			path = FriendSearch;
			sourceTree = "<group>";
		};
		BF4760D7298A5440005E4F4A /* ChatRoom */ = {
			isa = PBXGroup;
			children = (
				BF548413298B3A2D00055487 /* Bubble */,
				BF4760D8298A545C005E4F4A /* ChatRoomViewController.swift */,
				BF4760DA298A5465005E4F4A /* ChatRoomViewModel.swift */,
			);
			path = ChatRoom;
			sourceTree = "<group>";
		};
		BF548413298B3A2D00055487 /* Bubble */ = {
			isa = PBXGroup;
			children = (
				BF548414298B3A3A00055487 /* BubbleViewModel.swift */,
				BF548416298B3A4F00055487 /* BubbleCell.swift */,
			);
			path = Bubble;
			sourceTree = "<group>";
		};
		BF5EF09B296CF20B00889649 = {
			isa = PBXGroup;
			children = (
				BF5EF0A6296CF20B00889649 /* SimpleChat */,
				BF5EF0A5296CF20B00889649 /* Products */,
				1A989E9DC9127ACBEFD0FBC9 /* Pods */,
				E545540DD9D68FE331555881 /* Frameworks */,
			);
			sourceTree = "<group>";
		};
		BF5EF0A5296CF20B00889649 /* Products */ = {
			isa = PBXGroup;
			children = (
				BF5EF0A4296CF20B00889649 /* SimpleChat.app */,
			);
			name = Products;
			sourceTree = "<group>";
		};
		BF5EF0A6296CF20B00889649 /* SimpleChat */ = {
			isa = PBXGroup;
			children = (
				BF851BA229A097B900260547 /* SimpleChat.entitlements */,
				BFE51025296D2580006CD786 /* Network */,
				BFE51022296D225B006CD786 /* Repository */,
				BFE5101F296D2167006CD786 /* Entity */,
				BF5EF0BD296CF27600889649 /* Delegate */,
				BF5EF0BC296CF27100889649 /* Presentation */,
				BF5EF0C3296CF68200889649 /* Util */,
				BF5EF0BB296CF26700889649 /* Supporting */,
			);
			path = SimpleChat;
			sourceTree = "<group>";
		};
		BF5EF0BB296CF26700889649 /* Supporting */ = {
			isa = PBXGroup;
			children = (
				BFE5101A296D1341006CD786 /* GoogleService-Info.plist */,
				BF5EF0B0296CF20C00889649 /* Assets.xcassets */,
				BF5EF0B2296CF20C00889649 /* LaunchScreen.storyboard */,
				BF5EF0B5296CF20C00889649 /* Info.plist */,
				BF548418298B3AFB00055487 /* Constant.swift */,
			);
			path = Supporting;
			sourceTree = "<group>";
		};
		BF5EF0BC296CF27100889649 /* Presentation */ = {
			isa = PBXGroup;
			children = (
				BF8986D52990D63E007133ED /* Setting */,
				BF4760D7298A5440005E4F4A /* ChatRoom */,
				BF23D9AE2976330F00DE0942 /* Main */,
				BF5EF0C6296D057600889649 /* SignIn */,
				BF5EF0BE296CF44400889649 /* Login */,
			);
			path = Presentation;
			sourceTree = "<group>";
		};
		BF5EF0BD296CF27600889649 /* Delegate */ = {
			isa = PBXGroup;
			children = (
				BF5EF0A7296CF20B00889649 /* AppDelegate.swift */,
				BF5EF0A9296CF20B00889649 /* SceneDelegate.swift */,
			);
			path = Delegate;
			sourceTree = "<group>";
		};
		BF5EF0BE296CF44400889649 /* Login */ = {
			isa = PBXGroup;
			children = (
				BF5EF0C1296CF57000889649 /* LoginViewModel.swift */,
				BF5EF0BF296CF45400889649 /* LoginViewController.swift */,
			);
			path = Login;
			sourceTree = "<group>";
		};
		BF5EF0C3296CF68200889649 /* Util */ = {
			isa = PBXGroup;
			children = (
				BF5EF0C4296CF68B00889649 /* TextField.swift */,
				BFE5101D296D1569006CD786 /* UiView.swift */,
				BF3D9AF4298E2CB00061770E /* Date.swift */,
			);
			path = Util;
			sourceTree = "<group>";
		};
		BF5EF0C6296D057600889649 /* SignIn */ = {
			isa = PBXGroup;
			children = (
				BF5EF0C7296D058200889649 /* SignInViewModel.swift */,
				BF5EF0C9296D059600889649 /* SignInViewController.swift */,
			);
			path = SignIn;
			sourceTree = "<group>";
		};
		BF8986D52990D63E007133ED /* Setting */ = {
			isa = PBXGroup;
			children = (
				BF8986D62990D647007133ED /* SettingViewModel.swift */,
				BF8986D82990D68F007133ED /* SettingViewController.swift */,
			);
			path = Setting;
			sourceTree = "<group>";
		};
		BFE5101F296D2167006CD786 /* Entity */ = {
			isa = PBXGroup;
			children = (
				BFE51020296D2173006CD786 /* RequestResult.swift */,
				BF8672AF29778E0E0040EB48 /* User.swift */,
				BF548411298B39C400055487 /* Message.swift */,
			);
			path = Entity;
			sourceTree = "<group>";
		};
		BFE51022296D225B006CD786 /* Repository */ = {
			isa = PBXGroup;
			children = (
				BFE51023296D2270006CD786 /* AccountRepository.swift */,
				BF97D7F92970FF9700067222 /* UserRepository.swift */,
				BF8672AB29777C930040EB48 /* FriendRepository.swift */,
				BF3D9AF0298E26C20061770E /* ChatRepository.swift */,
			);
			path = Repository;
			sourceTree = "<group>";
		};
		BFE51025296D2580006CD786 /* Network */ = {
			isa = PBXGroup;
			children = (
				BFE51026296D2590006CD786 /* AccountNetwork.swift */,
				BF97D7FB2970FFF500067222 /* UserNetwork.swift */,
				BF8672AD29777D2B0040EB48 /* FriendNetwork.swift */,
				BF3D9AF2298E271F0061770E /* ChatNetwork.swift */,
			);
			path = Network;
			sourceTree = "<group>";
		};
		E545540DD9D68FE331555881 /* Frameworks */ = {
			isa = PBXGroup;
			children = (
				9A54CEDC36E312BB29837AAD /* Pods_SimpleChat.framework */,
			);
			name = Frameworks;
			sourceTree = "<group>";
		};
/* End PBXGroup section */

/* Begin PBXNativeTarget section */
		BF5EF0A3296CF20B00889649 /* SimpleChat */ = {
			isa = PBXNativeTarget;
			buildConfigurationList = BF5EF0B8296CF20C00889649 /* Build configuration list for PBXNativeTarget "SimpleChat" */;
			buildPhases = (
				32B016CF0F3DA0544AF6F7C1 /* [CP] Check Pods Manifest.lock */,
				BF5EF0A0296CF20B00889649 /* Sources */,
				BF5EF0A1296CF20B00889649 /* Frameworks */,
				BF5EF0A2296CF20B00889649 /* Resources */,
				DB1D03783A22F850430A0FA2 /* [CP] Embed Pods Frameworks */,
			);
			buildRules = (
			);
			dependencies = (
			);
			name = SimpleChat;
			productName = SimpleChat;
			productReference = BF5EF0A4296CF20B00889649 /* SimpleChat.app */;
			productType = "com.apple.product-type.application";
		};
/* End PBXNativeTarget section */

/* Begin PBXProject section */
		BF5EF09C296CF20B00889649 /* Project object */ = {
			isa = PBXProject;
			attributes = {
				BuildIndependentTargetsInParallel = 1;
				LastSwiftUpdateCheck = 1420;
				LastUpgradeCheck = 1420;
				TargetAttributes = {
					BF5EF0A3296CF20B00889649 = {
						CreatedOnToolsVersion = 14.2;
					};
				};
			};
			buildConfigurationList = BF5EF09F296CF20B00889649 /* Build configuration list for PBXProject "SimpleChat" */;
			compatibilityVersion = "Xcode 13.0";
			developmentRegion = en;
			hasScannedForEncodings = 0;
			knownRegions = (
				en,
				Base,
			);
			mainGroup = BF5EF09B296CF20B00889649;
			productRefGroup = BF5EF0A5296CF20B00889649 /* Products */;
			projectDirPath = "";
			projectRoot = "";
			targets = (
				BF5EF0A3296CF20B00889649 /* SimpleChat */,
			);
		};
/* End PBXProject section */

/* Begin PBXResourcesBuildPhase section */
		BF5EF0A2296CF20B00889649 /* Resources */ = {
			isa = PBXResourcesBuildPhase;
			buildActionMask = 2147483647;
			files = (
				BF5EF0B4296CF20C00889649 /* LaunchScreen.storyboard in Resources */,
				BF5EF0B1296CF20C00889649 /* Assets.xcassets in Resources */,
				BFE5101B296D1341006CD786 /* GoogleService-Info.plist in Resources */,
			);
			runOnlyForDeploymentPostprocessing = 0;
		};
/* End PBXResourcesBuildPhase section */

/* Begin PBXShellScriptBuildPhase section */
		32B016CF0F3DA0544AF6F7C1 /* [CP] Check Pods Manifest.lock */ = {
			isa = PBXShellScriptBuildPhase;
			buildActionMask = 2147483647;
			files = (
			);
			inputFileListPaths = (
			);
			inputPaths = (
				"${PODS_PODFILE_DIR_PATH}/Podfile.lock",
				"${PODS_ROOT}/Manifest.lock",
			);
			name = "[CP] Check Pods Manifest.lock";
			outputFileListPaths = (
			);
			outputPaths = (
				"$(DERIVED_FILE_DIR)/Pods-SimpleChat-checkManifestLockResult.txt",
			);
			runOnlyForDeploymentPostprocessing = 0;
			shellPath = /bin/sh;
			shellScript = "diff \"${PODS_PODFILE_DIR_PATH}/Podfile.lock\" \"${PODS_ROOT}/Manifest.lock\" > /dev/null\nif [ $? != 0 ] ; then\n    # print error to STDERR\n    echo \"error: The sandbox is not in sync with the Podfile.lock. Run 'pod install' or update your CocoaPods installation.\" >&2\n    exit 1\nfi\n# This output is used by Xcode 'outputs' to avoid re-running this script phase.\necho \"SUCCESS\" > \"${SCRIPT_OUTPUT_FILE_0}\"\n";
			showEnvVarsInLog = 0;
		};
		DB1D03783A22F850430A0FA2 /* [CP] Embed Pods Frameworks */ = {
			isa = PBXShellScriptBuildPhase;
			buildActionMask = 2147483647;
			files = (
			);
			inputFileListPaths = (
				"${PODS_ROOT}/Target Support Files/Pods-SimpleChat/Pods-SimpleChat-frameworks-${CONFIGURATION}-input-files.xcfilelist",
			);
			name = "[CP] Embed Pods Frameworks";
			outputFileListPaths = (
				"${PODS_ROOT}/Target Support Files/Pods-SimpleChat/Pods-SimpleChat-frameworks-${CONFIGURATION}-output-files.xcfilelist",
			);
			runOnlyForDeploymentPostprocessing = 0;
			shellPath = /bin/sh;
			shellScript = "\"${PODS_ROOT}/Target Support Files/Pods-SimpleChat/Pods-SimpleChat-frameworks.sh\"\n";
			showEnvVarsInLog = 0;
		};
/* End PBXShellScriptBuildPhase section */

/* Begin PBXSourcesBuildPhase section */
		BF5EF0A0296CF20B00889649 /* Sources */ = {
			isa = PBXSourcesBuildPhase;
			buildActionMask = 2147483647;
			files = (
				BF23D9B82976341F00DE0942 /* FriendSearchViewController.swift in Sources */,
				BF8986D72990D647007133ED /* SettingViewModel.swift in Sources */,
				BF3D9AF5298E2CB00061770E /* Date.swift in Sources */,
				BFE5101E296D1569006CD786 /* UiView.swift in Sources */,
				BF3D9AF3298E271F0061770E /* ChatNetwork.swift in Sources */,
				BF5EF0CA296D059600889649 /* SignInViewController.swift in Sources */,
				BF5EF0C5296CF68B00889649 /* TextField.swift in Sources */,
				BFE51021296D2173006CD786 /* RequestResult.swift in Sources */,
				BF5EF0C2296CF57000889649 /* LoginViewModel.swift in Sources */,
				BF23D9B62976341300DE0942 /* FriendListViewController.swift in Sources */,
				BF548415298B3A3A00055487 /* BubbleViewModel.swift in Sources */,
				BF97D7FA2970FF9700067222 /* UserRepository.swift in Sources */,
				BF8672AE29777D2B0040EB48 /* FriendNetwork.swift in Sources */,
				BFE51027296D2590006CD786 /* AccountNetwork.swift in Sources */,
				BF548417298B3A4F00055487 /* BubbleCell.swift in Sources */,
				BF23D9B22976339D00DE0942 /* MainViewController.swift in Sources */,
				BF5EF0C8296D058200889649 /* SignInViewModel.swift in Sources */,
				BF23D9BA29763B0C00DE0942 /* FriendListViewModel.swift in Sources */,
				BF3D9AF1298E26C20061770E /* ChatRepository.swift in Sources */,
				BF8986D92990D68F007133ED /* SettingViewController.swift in Sources */,
				BF8672A8297776760040EB48 /* FriendSearchViewModel.swift in Sources */,
				BF4760DB298A5465005E4F4A /* ChatRoomViewModel.swift in Sources */,
				BF97D7FC2970FFF500067222 /* UserNetwork.swift in Sources */,
				BF5EF0C0296CF45400889649 /* LoginViewController.swift in Sources */,
				BF5EF0A8296CF20B00889649 /* AppDelegate.swift in Sources */,
				BF548419298B3AFB00055487 /* Constant.swift in Sources */,
				BF5EF0AA296CF20B00889649 /* SceneDelegate.swift in Sources */,
				BF8672AC29777C930040EB48 /* FriendRepository.swift in Sources */,
				BFE51024296D2270006CD786 /* AccountRepository.swift in Sources */,
				BF548412298B39C400055487 /* Message.swift in Sources */,
				BF8672B029778E0E0040EB48 /* User.swift in Sources */,
				BF4760D9298A545C005E4F4A /* ChatRoomViewController.swift in Sources */,
			);
			runOnlyForDeploymentPostprocessing = 0;
		};
/* End PBXSourcesBuildPhase section */

/* Begin PBXVariantGroup section */
		BF5EF0B2296CF20C00889649 /* LaunchScreen.storyboard */ = {
			isa = PBXVariantGroup;
			children = (
				BF5EF0B3296CF20C00889649 /* Base */,
			);
			name = LaunchScreen.storyboard;
			sourceTree = "<group>";
		};
/* End PBXVariantGroup section */

/* Begin XCBuildConfiguration section */
		BF5EF0B6296CF20C00889649 /* Debug */ = {
			isa = XCBuildConfiguration;
			buildSettings = {
				ALWAYS_SEARCH_USER_PATHS = NO;
				CLANG_ANALYZER_NONNULL = YES;
				CLANG_ANALYZER_NUMBER_OBJECT_CONVERSION = YES_AGGRESSIVE;
				CLANG_CXX_LANGUAGE_STANDARD = "gnu++20";
				CLANG_ENABLE_MODULES = YES;
				CLANG_ENABLE_OBJC_ARC = YES;
				CLANG_ENABLE_OBJC_WEAK = YES;
				CLANG_WARN_BLOCK_CAPTURE_AUTORELEASING = YES;
				CLANG_WARN_BOOL_CONVERSION = YES;
				CLANG_WARN_COMMA = YES;
				CLANG_WARN_CONSTANT_CONVERSION = YES;
				CLANG_WARN_DEPRECATED_OBJC_IMPLEMENTATIONS = YES;
				CLANG_WARN_DIRECT_OBJC_ISA_USAGE = YES_ERROR;
				CLANG_WARN_DOCUMENTATION_COMMENTS = YES;
				CLANG_WARN_EMPTY_BODY = YES;
				CLANG_WARN_ENUM_CONVERSION = YES;
				CLANG_WARN_INFINITE_RECURSION = YES;
				CLANG_WARN_INT_CONVERSION = YES;
				CLANG_WARN_NON_LITERAL_NULL_CONVERSION = YES;
				CLANG_WARN_OBJC_IMPLICIT_RETAIN_SELF = YES;
				CLANG_WARN_OBJC_LITERAL_CONVERSION = YES;
				CLANG_WARN_OBJC_ROOT_CLASS = YES_ERROR;
				CLANG_WARN_QUOTED_INCLUDE_IN_FRAMEWORK_HEADER = YES;
				CLANG_WARN_RANGE_LOOP_ANALYSIS = YES;
				CLANG_WARN_STRICT_PROTOTYPES = YES;
				CLANG_WARN_SUSPICIOUS_MOVE = YES;
				CLANG_WARN_UNGUARDED_AVAILABILITY = YES_AGGRESSIVE;
				CLANG_WARN_UNREACHABLE_CODE = YES;
				CLANG_WARN__DUPLICATE_METHOD_MATCH = YES;
				COPY_PHASE_STRIP = NO;
				DEBUG_INFORMATION_FORMAT = dwarf;
				ENABLE_STRICT_OBJC_MSGSEND = YES;
				ENABLE_TESTABILITY = YES;
				GCC_C_LANGUAGE_STANDARD = gnu11;
				GCC_DYNAMIC_NO_PIC = NO;
				GCC_NO_COMMON_BLOCKS = YES;
				GCC_OPTIMIZATION_LEVEL = 0;
				GCC_PREPROCESSOR_DEFINITIONS = (
					"DEBUG=1",
					"$(inherited)",
				);
				GCC_WARN_64_TO_32_BIT_CONVERSION = YES;
				GCC_WARN_ABOUT_RETURN_TYPE = YES_ERROR;
				GCC_WARN_UNDECLARED_SELECTOR = YES;
				GCC_WARN_UNINITIALIZED_AUTOS = YES_AGGRESSIVE;
				GCC_WARN_UNUSED_FUNCTION = YES;
				GCC_WARN_UNUSED_VARIABLE = YES;
				IPHONEOS_DEPLOYMENT_TARGET = 16.2;
				MTL_ENABLE_DEBUG_INFO = INCLUDE_SOURCE;
				MTL_FAST_MATH = YES;
				ONLY_ACTIVE_ARCH = YES;
				SDKROOT = iphoneos;
				SWIFT_ACTIVE_COMPILATION_CONDITIONS = DEBUG;
				SWIFT_OPTIMIZATION_LEVEL = "-Onone";
			};
			name = Debug;
		};
		BF5EF0B7296CF20C00889649 /* Release */ = {
			isa = XCBuildConfiguration;
			buildSettings = {
				ALWAYS_SEARCH_USER_PATHS = NO;
				CLANG_ANALYZER_NONNULL = YES;
				CLANG_ANALYZER_NUMBER_OBJECT_CONVERSION = YES_AGGRESSIVE;
				CLANG_CXX_LANGUAGE_STANDARD = "gnu++20";
				CLANG_ENABLE_MODULES = YES;
				CLANG_ENABLE_OBJC_ARC = YES;
				CLANG_ENABLE_OBJC_WEAK = YES;
				CLANG_WARN_BLOCK_CAPTURE_AUTORELEASING = YES;
				CLANG_WARN_BOOL_CONVERSION = YES;
				CLANG_WARN_COMMA = YES;
				CLANG_WARN_CONSTANT_CONVERSION = YES;
				CLANG_WARN_DEPRECATED_OBJC_IMPLEMENTATIONS = YES;
				CLANG_WARN_DIRECT_OBJC_ISA_USAGE = YES_ERROR;
				CLANG_WARN_DOCUMENTATION_COMMENTS = YES;
				CLANG_WARN_EMPTY_BODY = YES;
				CLANG_WARN_ENUM_CONVERSION = YES;
				CLANG_WARN_INFINITE_RECURSION = YES;
				CLANG_WARN_INT_CONVERSION = YES;
				CLANG_WARN_NON_LITERAL_NULL_CONVERSION = YES;
				CLANG_WARN_OBJC_IMPLICIT_RETAIN_SELF = YES;
				CLANG_WARN_OBJC_LITERAL_CONVERSION = YES;
				CLANG_WARN_OBJC_ROOT_CLASS = YES_ERROR;
				CLANG_WARN_QUOTED_INCLUDE_IN_FRAMEWORK_HEADER = YES;
				CLANG_WARN_RANGE_LOOP_ANALYSIS = YES;
				CLANG_WARN_STRICT_PROTOTYPES = YES;
				CLANG_WARN_SUSPICIOUS_MOVE = YES;
				CLANG_WARN_UNGUARDED_AVAILABILITY = YES_AGGRESSIVE;
				CLANG_WARN_UNREACHABLE_CODE = YES;
				CLANG_WARN__DUPLICATE_METHOD_MATCH = YES;
				COPY_PHASE_STRIP = NO;
				DEBUG_INFORMATION_FORMAT = "dwarf-with-dsym";
				ENABLE_NS_ASSERTIONS = NO;
				ENABLE_STRICT_OBJC_MSGSEND = YES;
				GCC_C_LANGUAGE_STANDARD = gnu11;
				GCC_NO_COMMON_BLOCKS = YES;
				GCC_WARN_64_TO_32_BIT_CONVERSION = YES;
				GCC_WARN_ABOUT_RETURN_TYPE = YES_ERROR;
				GCC_WARN_UNDECLARED_SELECTOR = YES;
				GCC_WARN_UNINITIALIZED_AUTOS = YES_AGGRESSIVE;
				GCC_WARN_UNUSED_FUNCTION = YES;
				GCC_WARN_UNUSED_VARIABLE = YES;
				IPHONEOS_DEPLOYMENT_TARGET = 16.2;
				MTL_ENABLE_DEBUG_INFO = NO;
				MTL_FAST_MATH = YES;
				SDKROOT = iphoneos;
				SWIFT_COMPILATION_MODE = wholemodule;
				SWIFT_OPTIMIZATION_LEVEL = "-O";
				VALIDATE_PRODUCT = YES;
			};
			name = Release;
		};
		BF5EF0B9296CF20C00889649 /* Debug */ = {
			isa = XCBuildConfiguration;
			baseConfigurationReference = FEB501C5F324756389C27502 /* Pods-SimpleChat.debug.xcconfig */;
			buildSettings = {
				ASSETCATALOG_COMPILER_APPICON_NAME = AppIcon;
				ASSETCATALOG_COMPILER_GLOBAL_ACCENT_COLOR_NAME = AccentColor;
				CODE_SIGN_ENTITLEMENTS = SimpleChat/SimpleChat.entitlements;
				CODE_SIGN_STYLE = Automatic;
				CURRENT_PROJECT_VERSION = 1;
				DEVELOPMENT_TEAM = KB3R84Q4BQ;
				GENERATE_INFOPLIST_FILE = YES;
				INFOPLIST_FILE = SimpleChat/Supporting/Info.plist;
				INFOPLIST_KEY_UIApplicationSupportsIndirectInputEvents = YES;
				INFOPLIST_KEY_UILaunchStoryboardName = LaunchScreen.storyboard;
				INFOPLIST_KEY_UIStatusBarStyle = "";
				INFOPLIST_KEY_UISupportedInterfaceOrientations = UIInterfaceOrientationPortrait;
				LD_RUNPATH_SEARCH_PATHS = (
					"$(inherited)",
					"@executable_path/Frameworks",
				);
				MARKETING_VERSION = 1.0;
				PRODUCT_BUNDLE_IDENTIFIER = com.github.suneom.SimpleChat;
				PRODUCT_NAME = "$(TARGET_NAME)";
				SWIFT_EMIT_LOC_STRINGS = YES;
				SWIFT_VERSION = 5.0;
				TARGETED_DEVICE_FAMILY = "1,2";
			};
			name = Debug;
		};
		BF5EF0BA296CF20C00889649 /* Release */ = {
			isa = XCBuildConfiguration;
			baseConfigurationReference = 5ACB215A547709F15AAB11CF /* Pods-SimpleChat.release.xcconfig */;
			buildSettings = {
				ASSETCATALOG_COMPILER_APPICON_NAME = AppIcon;
				ASSETCATALOG_COMPILER_GLOBAL_ACCENT_COLOR_NAME = AccentColor;
				CODE_SIGN_ENTITLEMENTS = SimpleChat/SimpleChat.entitlements;
				CODE_SIGN_STYLE = Automatic;
				CURRENT_PROJECT_VERSION = 1;
				DEVELOPMENT_TEAM = KB3R84Q4BQ;
				GENERATE_INFOPLIST_FILE = YES;
				INFOPLIST_FILE = SimpleChat/Supporting/Info.plist;
				INFOPLIST_KEY_UIApplicationSupportsIndirectInputEvents = YES;
				INFOPLIST_KEY_UILaunchStoryboardName = LaunchScreen.storyboard;
				INFOPLIST_KEY_UIStatusBarStyle = "";
				INFOPLIST_KEY_UISupportedInterfaceOrientations = UIInterfaceOrientationPortrait;
				LD_RUNPATH_SEARCH_PATHS = (
					"$(inherited)",
					"@executable_path/Frameworks",
				);
				MARKETING_VERSION = 1.0;
				PRODUCT_BUNDLE_IDENTIFIER = com.github.suneom.SimpleChat;
				PRODUCT_NAME = "$(TARGET_NAME)";
				SWIFT_EMIT_LOC_STRINGS = YES;
				SWIFT_VERSION = 5.0;
				TARGETED_DEVICE_FAMILY = "1,2";
			};
			name = Release;
		};
/* End XCBuildConfiguration section */

/* Begin XCConfigurationList section */
		BF5EF09F296CF20B00889649 /* Build configuration list for PBXProject "SimpleChat" */ = {
			isa = XCConfigurationList;
			buildConfigurations = (
				BF5EF0B6296CF20C00889649 /* Debug */,
				BF5EF0B7296CF20C00889649 /* Release */,
			);
			defaultConfigurationIsVisible = 0;
			defaultConfigurationName = Release;
		};
		BF5EF0B8296CF20C00889649 /* Build configuration list for PBXNativeTarget "SimpleChat" */ = {
			isa = XCConfigurationList;
			buildConfigurations = (
				BF5EF0B9296CF20C00889649 /* Debug */,
				BF5EF0BA296CF20C00889649 /* Release */,
			);
			defaultConfigurationIsVisible = 0;
			defaultConfigurationName = Release;
		};
/* End XCConfigurationList section */
	};
	rootObject = BF5EF09C296CF20B00889649 /* Project object */;
}
